
Microsoft Visual Studio Solution File, Format Version 12.00
# Visual Studio Version 16
VisualStudioVersion = 16.0.30114.105
MinimumVisualStudioVersion = 10.0.40219.1
Project("{FAE04EC0-301F-11D3-BF4B-00C04F79EFBC}") = "API", "API\API.csproj", "{CE7026AB-3D7F-410C-A117-B94FDBD6B053}"
EndProject
Project("{FAE04EC0-301F-11D3-BF4B-00C04F79EFBC}") = "Application", "Application\Application.csproj", "{49E13465-9917-446F-B85B-5B152105B9F5}"
EndProject
Project("{FAE04EC0-301F-11D3-BF4B-00C04F79EFBC}") = "Domain", "Domain\Domain.csproj", "{F0F6D4CD-0FB2-4263-9A1A-FD00EBCB9A97}"
EndProject
Project("{FAE04EC0-301F-11D3-BF4B-00C04F79EFBC}") = "Persistence", "Persistence\Persistence.csproj", "{84D20FAF-DCE2-40FE-8FB0-959733AADB56}"
EndProject
Global
	GlobalSection(SolutionConfigurationPlatforms) = preSolution
		Debug|Any CPU = Debug|Any CPU
		Release|Any CPU = Release|Any CPU
	EndGlobalSection
	GlobalSection(SolutionProperties) = preSolution
		HideSolutionNode = FALSE
	EndGlobalSection
	GlobalSection(ProjectConfigurationPlatforms) = postSolution
		{CE7026AB-3D7F-410C-A117-B94FDBD6B053}.Debug|Any CPU.ActiveCfg = Debug|Any CPU
		{CE7026AB-3D7F-410C-A117-B94FDBD6B053}.Debug|Any CPU.Build.0 = Debug|Any CPU
		{CE7026AB-3D7F-410C-A117-B94FDBD6B053}.Release|Any CPU.ActiveCfg = Release|Any CPU
		{CE7026AB-3D7F-410C-A117-B94FDBD6B053}.Release|Any CPU.Build.0 = Release|Any CPU
		{49E13465-9917-446F-B85B-5B152105B9F5}.Debug|Any CPU.ActiveCfg = Debug|Any CPU
		{49E13465-9917-446F-B85B-5B152105B9F5}.Debug|Any CPU.Build.0 = Debug|Any CPU
		{49E13465-9917-446F-B85B-5B152105B9F5}.Release|Any CPU.ActiveCfg = Release|Any CPU
		{49E13465-9917-446F-B85B-5B152105B9F5}.Release|Any CPU.Build.0 = Release|Any CPU
		{F0F6D4CD-0FB2-4263-9A1A-FD00EBCB9A97}.Debug|Any CPU.ActiveCfg = Debug|Any CPU
		{F0F6D4CD-0FB2-4263-9A1A-FD00EBCB9A97}.Debug|Any CPU.Build.0 = Debug|Any CPU
		{F0F6D4CD-0FB2-4263-9A1A-FD00EBCB9A97}.Release|Any CPU.ActiveCfg = Release|Any CPU
		{F0F6D4CD-0FB2-4263-9A1A-FD00EBCB9A97}.Release|Any CPU.Build.0 = Release|Any CPU
		{84D20FAF-DCE2-40FE-8FB0-959733AADB56}.Debug|Any CPU.ActiveCfg = Debug|Any CPU
		{84D20FAF-DCE2-40FE-8FB0-959733AADB56}.Debug|Any CPU.Build.0 = Debug|Any CPU
		{84D20FAF-DCE2-40FE-8FB0-959733AADB56}.Release|Any CPU.ActiveCfg = Release|Any CPU
		{84D20FAF-DCE2-40FE-8FB0-959733AADB56}.Release|Any CPU.Build.0 = Release|Any CPU
	EndGlobalSection
EndGlobal
